{
  "version": 4,
  "terraform_version": "0.12.6",
  "serial": 17,
  "lineage": "3a6b360e-604d-2ed2-5b08-aa2e4e6b2111",
  "outputs": {},
  "resources": [
    {
      "mode": "managed",
      "type": "azurerm_network_security_group",
      "name": "web_server_nsg",
      "provider": "provider.azurerm",
      "instances": [
        {
          "schema_version": 0,
          "attributes": {
            "id": "/subscriptions/cbc6c4e0-8163-4fe4-b98c-477ab14ce40a/resourceGroups/app-dg/providers/Microsoft.Network/networkSecurityGroups/dg-nsg",
            "location": "westus2",
            "name": "dg-nsg",
            "resource_group_name": "app-dg",
            "security_rule": [],
            "tags": {}
          },
          "private": "bnVsbA==",
          "depends_on": [
            "azurerm_resource_group.web_server_rg"
          ]
        }
      ]
    },
    {
      "mode": "managed",
      "type": "azurerm_network_security_rule",
      "name": "web_server_nsg_rule_rdp",
      "provider": "provider.azurerm",
      "instances": [
        {
          "schema_version": 0,
          "attributes": {
            "access": "Allow",
            "description": "",
            "destination_address_prefix": "*",
            "destination_address_prefixes": null,
            "destination_application_security_group_ids": null,
            "destination_port_range": "3389",
            "destination_port_ranges": null,
            "direction": "Inbound",
            "id": "/subscriptions/cbc6c4e0-8163-4fe4-b98c-477ab14ce40a/resourceGroups/app-dg/providers/Microsoft.Network/networkSecurityGroups/dg-nsg/securityRules/RDP Inbound",
            "name": "RDP Inbound",
            "network_security_group_name": "dg-nsg",
            "priority": 100,
            "protocol": "Tcp",
            "resource_group_name": "app-dg",
            "source_address_prefix": "*",
            "source_address_prefixes": null,
            "source_application_security_group_ids": null,
            "source_port_range": "*",
            "source_port_ranges": null
          },
          "private": "bnVsbA==",
          "depends_on": [
            "azurerm_network_security_group.web_server_nsg",
            "azurerm_resource_group.web_server_rg"
          ]
        }
      ]
    },
    {
      "mode": "managed",
      "type": "azurerm_public_ip",
      "name": "web_server_public_ip",
      "provider": "provider.azurerm",
      "instances": [
        {
          "schema_version": 0,
          "attributes": {
            "allocation_method": "Static",
            "domain_name_label": null,
            "fqdn": null,
            "id": "/subscriptions/cbc6c4e0-8163-4fe4-b98c-477ab14ce40a/resourceGroups/app-dg/providers/Microsoft.Network/publicIPAddresses/dg-public-ip",
            "idle_timeout_in_minutes": 4,
            "ip_address": "13.66.243.53",
            "ip_version": "IPv4",
            "location": "westus2",
            "name": "dg-public-ip",
            "public_ip_address_allocation": "Static",
            "public_ip_prefix_id": null,
            "resource_group_name": "app-dg",
            "reverse_fqdn": null,
            "sku": "Basic",
            "tags": {},
            "zones": null
          },
          "private": "bnVsbA==",
          "depends_on": [
            "azurerm_resource_group.web_server_rg"
          ]
        }
      ]
    },
    {
      "mode": "managed",
      "type": "azurerm_resource_group",
      "name": "web_server_rg",
      "provider": "provider.azurerm",
      "instances": [
        {
          "schema_version": 0,
          "attributes": {
            "id": "/subscriptions/cbc6c4e0-8163-4fe4-b98c-477ab14ce40a/resourceGroups/app-dg",
            "location": "westus2",
            "name": "app-dg",
            "tags": {}
          },
          "private": "bnVsbA=="
        }
      ]
    },
    {
      "mode": "managed",
      "type": "azurerm_subnet",
      "name": "web_server_subnet",
      "provider": "provider.azurerm",
      "instances": [
        {
          "schema_version": 0,
          "attributes": {
            "address_prefix": "1.0.1.0/24",
            "delegation": [],
            "id": "/subscriptions/cbc6c4e0-8163-4fe4-b98c-477ab14ce40a/resourceGroups/app-dg/providers/Microsoft.Network/virtualNetworks/dg-vnet/subnets/dg-subnet",
            "ip_configurations": [],
            "name": "dg-subnet",
            "network_security_group_id": "/subscriptions/cbc6c4e0-8163-4fe4-b98c-477ab14ce40a/resourceGroups/app-dg/providers/Microsoft.Network/networkSecurityGroups/dg-nsg",
            "resource_group_name": "app-dg",
            "route_table_id": "",
            "service_endpoints": null,
            "virtual_network_name": "dg-vnet"
          },
          "private": "bnVsbA==",
          "depends_on": [
            "azurerm_network_security_group.web_server_nsg",
            "azurerm_resource_group.web_server_rg",
            "azurerm_virtual_network.web_server_vnet"
          ]
        }
      ]
    },
    {
      "mode": "managed",
      "type": "azurerm_virtual_machine_scale_set",
      "name": "web_server",
      "provider": "provider.azurerm",
      "instances": [
        {
          "schema_version": 0,
          "attributes": {
            "automatic_os_upgrade": false,
            "boot_diagnostics": [],
            "eviction_policy": "",
            "extension": [],
            "health_probe_id": null,
            "id": "/subscriptions/cbc6c4e0-8163-4fe4-b98c-477ab14ce40a/resourceGroups/app-dg/providers/Microsoft.Compute/virtualMachineScaleSets/cdg-scale-set",
            "identity": [],
            "license_type": "",
            "location": "westus2",
            "name": "cdg-scale-set",
            "network_profile": [
              {
                "accelerated_networking": false,
                "dns_settings": [
                  {
                    "dns_servers": []
                  }
                ],
                "ip_configuration": [
                  {
                    "application_gateway_backend_address_pool_ids": [],
                    "application_security_group_ids": [],
                    "load_balancer_backend_address_pool_ids": [],
                    "load_balancer_inbound_nat_rules_ids": [],
                    "name": "cdg",
                    "primary": true,
                    "public_ip_address_configuration": [],
                    "subnet_id": "/subscriptions/cbc6c4e0-8163-4fe4-b98c-477ab14ce40a/resourceGroups/app-dg/providers/Microsoft.Network/virtualNetworks/dg-vnet/subnets/dg-subnet"
                  }
                ],
                "ip_forwarding": false,
                "name": "web_server_network_profile",
                "network_security_group_id": "",
                "primary": true
              }
            ],
            "os_profile": [
              {
                "admin_password": "Passw0rd1234",
                "admin_username": "webserver",
                "computer_name_prefix": "cdg",
                "custom_data": ""
              }
            ],
            "os_profile_linux_config": [],
            "os_profile_secrets": [],
            "os_profile_windows_config": [
              {
                "additional_unattend_config": [],
                "enable_automatic_upgrades": null,
                "provision_vm_agent": null,
                "winrm": []
              }
            ],
            "overprovision": true,
            "plan": [],
            "priority": "",
            "resource_group_name": "app-dg",
            "rolling_upgrade_policy": [],
            "single_placement_group": true,
            "sku": [
              {
                "capacity": 2,
                "name": "Standard_F2s_v2",
                "tier": "Standard"
              }
            ],
            "storage_profile_data_disk": [],
            "storage_profile_image_reference": [
              {
                "id": "",
                "offer": "WindowsServer",
                "publisher": "MicrosoftWindowsServer",
                "sku": "2016-Datacenter-Server-Core-smalldisk",
                "version": "latest"
              }
            ],
            "storage_profile_os_disk": [
              {
                "caching": "ReadWrite",
                "create_option": "FromImage",
                "image": "",
                "managed_disk_type": "Standard_LRS",
                "name": "",
                "os_type": "",
                "vhd_containers": []
              }
            ],
            "tags": {},
            "upgrade_policy_mode": "Manual",
            "zones": null
          },
          "private": "bnVsbA==",
          "depends_on": [
            "azurerm_resource_group.web_server_rg",
            "azurerm_subnet.web_server_subnet"
          ]
        }
      ]
    },
    {
      "mode": "managed",
      "type": "azurerm_virtual_network",
      "name": "web_server_vnet",
      "provider": "provider.azurerm",
      "instances": [
        {
          "schema_version": 0,
          "attributes": {
            "address_space": [
              "1.0.0.0/22"
            ],
            "ddos_protection_plan": [],
            "dns_servers": null,
            "id": "/subscriptions/cbc6c4e0-8163-4fe4-b98c-477ab14ce40a/resourceGroups/app-dg/providers/Microsoft.Network/virtualNetworks/dg-vnet",
            "location": "westus2",
            "name": "dg-vnet",
            "resource_group_name": "app-dg",
            "subnet": [],
            "tags": {}
          },
          "private": "bnVsbA==",
          "depends_on": [
            "azurerm_resource_group.web_server_rg"
          ]
        }
      ]
    }
  ]
}
