{
  "version": 4,
  "terraform_version": "0.12.6",
  "serial": 6,
  "lineage": "3a6b360e-604d-2ed2-5b08-aa2e4e6b2111",
  "outputs": {},
  "resources": [
    {
      "mode": "managed",
      "type": "azurerm_resource_group",
      "name": "webserver_rg",
      "provider": "provider.azurerm",
      "instances": [
        {
          "schema_version": 0,
          "attributes": {
            "id": "/subscriptions/cbc6c4e0-8163-4fe4-b98c-477ab14ce40a/resourceGroups/web-rg",
            "location": "westus2",
            "name": "web-rg",
            "tags": {}
          },
          "private": "bnVsbA=="
        }
      ]
    },
    {
      "mode": "managed",
      "type": "azurerm_virtual_network",
      "name": "webserver_vnet",
      "provider": "provider.azurerm",
      "instances": [
        {
          "schema_version": 0,
          "attributes": {
            "address_space": [
              "1.0.0.0/22"
            ],
            "ddos_protection_plan": [],
            "dns_servers": null,
            "id": "/subscriptions/cbc6c4e0-8163-4fe4-b98c-477ab14ce40a/resourceGroups/web-rg/providers/Microsoft.Network/virtualNetworks/web-vnet",
            "location": "westus2",
            "name": "web-vnet",
            "resource_group_name": "web-rg",
            "subnet": [],
            "tags": {}
          },
          "private": "bnVsbA==",
          "depends_on": [
            "azurerm_resource_group.webserver_rg"
          ]
        }
      ]
    }
  ]
}
